
Microsoft Visual Studio Solution File, Format Version 12.00
# Visual Studio Version 17
VisualStudioVersion = 17.7.34221.43
MinimumVisualStudioVersion = 10.0.40219.1
Project("{9A19103F-16F7-4668-BE54-9A1E7A4F7556}") = "KoiCareApi", "KoiCareApi\KoiCareApi.csproj", "{F9D5725D-F94D-4E1C-82E6-7B1BA663D5F4}"
EndProject
Project("{9A19103F-16F7-4668-BE54-9A1E7A4F7556}") = "BusinessObject", "BusinessObject\BusinessObject.csproj", "{17B6D0B0-0F6F-4AB1-8D7A-AFF1FD1DBCD5}"
EndProject
Project("{9A19103F-16F7-4668-BE54-9A1E7A4F7556}") = "Repository", "Repository\Repository.csproj", "{7ED4088B-8C74-459F-97D6-DFAD5691FE03}"
EndProject
Project("{9A19103F-16F7-4668-BE54-9A1E7A4F7556}") = "Service", "Service\Service.csproj", "{5E1EB155-CED3-4D88-8CA1-01D992BA9071}"
EndProject
Project("{9A19103F-16F7-4668-BE54-9A1E7A4F7556}") = "Validation", "Validation\Validation.csproj", "{E53805F2-D0EC-4BFA-B4B8-18890128ADD8}"
EndProject
Project("{E53339B2-1760-4266-BCC7-CA923CBCF16C}") = "docker-compose", "docker-compose.dcproj", "{417EF90A-9088-4844-A43E-05A31BD4A861}"
EndProject
Global
	GlobalSection(SolutionConfigurationPlatforms) = preSolution
		Debug|Any CPU = Debug|Any CPU
		Release|Any CPU = Release|Any CPU
	EndGlobalSection
	GlobalSection(ProjectConfigurationPlatforms) = postSolution
		{F9D5725D-F94D-4E1C-82E6-7B1BA663D5F4}.Debug|Any CPU.ActiveCfg = Debug|Any CPU
		{F9D5725D-F94D-4E1C-82E6-7B1BA663D5F4}.Debug|Any CPU.Build.0 = Debug|Any CPU
		{F9D5725D-F94D-4E1C-82E6-7B1BA663D5F4}.Release|Any CPU.ActiveCfg = Release|Any CPU
		{F9D5725D-F94D-4E1C-82E6-7B1BA663D5F4}.Release|Any CPU.Build.0 = Release|Any CPU
		{17B6D0B0-0F6F-4AB1-8D7A-AFF1FD1DBCD5}.Debug|Any CPU.ActiveCfg = Debug|Any CPU
		{17B6D0B0-0F6F-4AB1-8D7A-AFF1FD1DBCD5}.Debug|Any CPU.Build.0 = Debug|Any CPU
		{17B6D0B0-0F6F-4AB1-8D7A-AFF1FD1DBCD5}.Release|Any CPU.ActiveCfg = Release|Any CPU
		{17B6D0B0-0F6F-4AB1-8D7A-AFF1FD1DBCD5}.Release|Any CPU.Build.0 = Release|Any CPU
		{7ED4088B-8C74-459F-97D6-DFAD5691FE03}.Debug|Any CPU.ActiveCfg = Debug|Any CPU
		{7ED4088B-8C74-459F-97D6-DFAD5691FE03}.Debug|Any CPU.Build.0 = Debug|Any CPU
		{7ED4088B-8C74-459F-97D6-DFAD5691FE03}.Release|Any CPU.ActiveCfg = Release|Any CPU
		{7ED4088B-8C74-459F-97D6-DFAD5691FE03}.Release|Any CPU.Build.0 = Release|Any CPU
		{5E1EB155-CED3-4D88-8CA1-01D992BA9071}.Debug|Any CPU.ActiveCfg = Debug|Any CPU
		{5E1EB155-CED3-4D88-8CA1-01D992BA9071}.Debug|Any CPU.Build.0 = Debug|Any CPU
		{5E1EB155-CED3-4D88-8CA1-01D992BA9071}.Release|Any CPU.ActiveCfg = Release|Any CPU
		{5E1EB155-CED3-4D88-8CA1-01D992BA9071}.Release|Any CPU.Build.0 = Release|Any CPU
		{E53805F2-D0EC-4BFA-B4B8-18890128ADD8}.Debug|Any CPU.ActiveCfg = Debug|Any CPU
		{E53805F2-D0EC-4BFA-B4B8-18890128ADD8}.Debug|Any CPU.Build.0 = Debug|Any CPU
		{E53805F2-D0EC-4BFA-B4B8-18890128ADD8}.Release|Any CPU.ActiveCfg = Release|Any CPU
		{E53805F2-D0EC-4BFA-B4B8-18890128ADD8}.Release|Any CPU.Build.0 = Release|Any CPU
		{417EF90A-9088-4844-A43E-05A31BD4A861}.Debug|Any CPU.ActiveCfg = Debug|Any CPU
		{417EF90A-9088-4844-A43E-05A31BD4A861}.Debug|Any CPU.Build.0 = Debug|Any CPU
		{417EF90A-9088-4844-A43E-05A31BD4A861}.Release|Any CPU.ActiveCfg = Release|Any CPU
		{417EF90A-9088-4844-A43E-05A31BD4A861}.Release|Any CPU.Build.0 = Release|Any CPU
	EndGlobalSection
	GlobalSection(SolutionProperties) = preSolution
		HideSolutionNode = FALSE
	EndGlobalSection
	GlobalSection(ExtensibilityGlobals) = postSolution
		SolutionGuid = {B758AB54-38E1-4475-BF21-D0F9425A0D41}
	EndGlobalSection
EndGlobal
